
Microsoft Visual Studio Solution File, Format Version 12.00
# Visual Studio Version 17
VisualStudioVersion = 17.14.36705.20
MinimumVisualStudioVersion = 10.0.40219.1
Project("{FAE04EC0-301F-11D3-BF4B-00C04F79EFBC}") = "EcommerceApi", "EcommerceApi\EcommerceApi.csproj", "{A7399D28-D16C-4ADF-95D5-EA713D832EFA}"
EndProject
Global
	GlobalSection(SolutionConfigurationPlatforms) = preSolution
		Debug|Any CPU = Debug|Any CPU
		Release|Any CPU = Release|Any CPU
	EndGlobalSection
	GlobalSection(ProjectConfigurationPlatforms) = postSolution
		{A7399D28-D16C-4ADF-95D5-EA713D832EFA}.Debug|Any CPU.ActiveCfg = Debug|Any CPU
		{A7399D28-D16C-4ADF-95D5-EA713D832EFA}.Debug|Any CPU.Build.0 = Debug|Any CPU
		{A7399D28-D16C-4ADF-95D5-EA713D832EFA}.Release|Any CPU.ActiveCfg = Release|Any CPU
		{A7399D28-D16C-4ADF-95D5-EA713D832EFA}.Release|Any CPU.Build.0 = Release|Any CPU
	EndGlobalSection
	GlobalSection(SolutionProperties) = preSolution
		HideSolutionNode = FALSE
	EndGlobalSection
	GlobalSection(ExtensibilityGlobals) = postSolution
		SolutionGuid = {9D9511C2-31B5-44BE-BBF4-0DFE1A7089B4}
	EndGlobalSection
EndGlobal
